
Microsoft Visual Studio Solution File, Format Version 12.00
# Visual Studio 14
VisualStudioVersion = 14.0.25123.0
MinimumVisualStudioVersion = 10.0.40219.1
Project("{FAE04EC0-301F-11D3-BF4B-00C04F79EFBC}") = "ScannerMot.Droid", "ScannerMot\ScannerMot.Droid\ScannerMot.Droid.csproj", "{4216669A-8B1A-401C-B62C-3331DAC17DD0}"
EndProject
Project("{FAE04EC0-301F-11D3-BF4B-00C04F79EFBC}") = "ScannerMot.iOS", "ScannerMot\ScannerMot.iOS\ScannerMot.iOS.csproj", "{8C24E347-3BA4-43DB-A15A-0C41A3ADD351}"
EndProject
Project("{FAE04EC0-301F-11D3-BF4B-00C04F79EFBC}") = "ScannerMot.WinPhone", "ScannerMot\ScannerMot.WinPhone\ScannerMot.WinPhone.csproj", "{7FA68E87-5E9A-4BFA-BAFD-2AE99566C16B}"
EndProject
Project("{FAE04EC0-301F-11D3-BF4B-00C04F79EFBC}") = "ScannerMot.UWP", "ScannerMot\ScannerMot.UWP\ScannerMot.UWP.csproj", "{E03E72B8-4AAA-43D2-811C-793CE20F931C}"
EndProject
Project("{FAE04EC0-301F-11D3-BF4B-00C04F79EFBC}") = "ScannerMot.Windows", "ScannerMot\ScannerMot.Windows\ScannerMot.Windows.csproj", "{AC727B78-BF1F-4A09-92FF-B1124DADF84F}"
EndProject
Project("{FAE04EC0-301F-11D3-BF4B-00C04F79EFBC}") = "ScannerMot", "ScannerMot\ScannerMot\ScannerMot.csproj", "{2D52DA41-DBEB-4746-A699-7D99DB483D8D}"
EndProject
Project("{FAE04EC0-301F-11D3-BF4B-00C04F79EFBC}") = "ScannerWebApi", "ScannerWebApi\ScannerWebApi.csproj", "{1D9392D6-5E6F-4C1A-A87B-398DCF04D858}"
EndProject
Global
	GlobalSection(SolutionConfigurationPlatforms) = preSolution
		Ad-Hoc|Any CPU = Ad-Hoc|Any CPU
		Ad-Hoc|ARM = Ad-Hoc|ARM
		Ad-Hoc|iPhone = Ad-Hoc|iPhone
		Ad-Hoc|iPhoneSimulator = Ad-Hoc|iPhoneSimulator
		Ad-Hoc|x64 = Ad-Hoc|x64
		Ad-Hoc|x86 = Ad-Hoc|x86
		AppStore|Any CPU = AppStore|Any CPU
		AppStore|ARM = AppStore|ARM
		AppStore|iPhone = AppStore|iPhone
		AppStore|iPhoneSimulator = AppStore|iPhoneSimulator
		AppStore|x64 = AppStore|x64
		AppStore|x86 = AppStore|x86
		Debug|Any CPU = Debug|Any CPU
		Debug|ARM = Debug|ARM
		Debug|iPhone = Debug|iPhone
		Debug|iPhoneSimulator = Debug|iPhoneSimulator
		Debug|x64 = Debug|x64
		Debug|x86 = Debug|x86
		Release|Any CPU = Release|Any CPU
		Release|ARM = Release|ARM
		Release|iPhone = Release|iPhone
		Release|iPhoneSimulator = Release|iPhoneSimulator
		Release|x64 = Release|x64
		Release|x86 = Release|x86
	EndGlobalSection
	GlobalSection(ProjectConfigurationPlatforms) = postSolution
		{4216669A-8B1A-401C-B62C-3331DAC17DD0}.Ad-Hoc|Any CPU.ActiveCfg = Release|Any CPU
		{4216669A-8B1A-401C-B62C-3331DAC17DD0}.Ad-Hoc|Any CPU.Build.0 = Release|Any CPU
		{4216669A-8B1A-401C-B62C-3331DAC17DD0}.Ad-Hoc|Any CPU.Deploy.0 = Release|Any CPU
		{4216669A-8B1A-401C-B62C-3331DAC17DD0}.Ad-Hoc|ARM.ActiveCfg = Release|Any CPU
		{4216669A-8B1A-401C-B62C-3331DAC17DD0}.Ad-Hoc|ARM.Build.0 = Release|Any CPU
		{4216669A-8B1A-401C-B62C-3331DAC17DD0}.Ad-Hoc|ARM.Deploy.0 = Release|Any CPU
		{4216669A-8B1A-401C-B62C-3331DAC17DD0}.Ad-Hoc|iPhone.ActiveCfg = Release|Any CPU
		{4216669A-8B1A-401C-B62C-3331DAC17DD0}.Ad-Hoc|iPhone.Build.0 = Release|Any CPU
		{4216669A-8B1A-401C-B62C-3331DAC17DD0}.Ad-Hoc|iPhone.Deploy.0 = Release|Any CPU
		{4216669A-8B1A-401C-B62C-3331DAC17DD0}.Ad-Hoc|iPhoneSimulator.ActiveCfg = Release|Any CPU
		{4216669A-8B1A-401C-B62C-3331DAC17DD0}.Ad-Hoc|iPhoneSimulator.Build.0 = Release|Any CPU
		{4216669A-8B1A-401C-B62C-3331DAC17DD0}.Ad-Hoc|iPhoneSimulator.Deploy.0 = Release|Any CPU
		{4216669A-8B1A-401C-B62C-3331DAC17DD0}.Ad-Hoc|x64.ActiveCfg = Release|Any CPU
		{4216669A-8B1A-401C-B62C-3331DAC17DD0}.Ad-Hoc|x64.Build.0 = Release|Any CPU
		{4216669A-8B1A-401C-B62C-3331DAC17DD0}.Ad-Hoc|x64.Deploy.0 = Release|Any CPU
		{4216669A-8B1A-401C-B62C-3331DAC17DD0}.Ad-Hoc|x86.ActiveCfg = Release|Any CPU
		{4216669A-8B1A-401C-B62C-3331DAC17DD0}.Ad-Hoc|x86.Build.0 = Release|Any CPU
		{4216669A-8B1A-401C-B62C-3331DAC17DD0}.Ad-Hoc|x86.Deploy.0 = Release|Any CPU
		{4216669A-8B1A-401C-B62C-3331DAC17DD0}.AppStore|Any CPU.ActiveCfg = Release|Any CPU
		{4216669A-8B1A-401C-B62C-3331DAC17DD0}.AppStore|Any CPU.Build.0 = Release|Any CPU
		{4216669A-8B1A-401C-B62C-3331DAC17DD0}.AppStore|Any CPU.Deploy.0 = Release|Any CPU
		{4216669A-8B1A-401C-B62C-3331DAC17DD0}.AppStore|ARM.ActiveCfg = Release|Any CPU
		{4216669A-8B1A-401C-B62C-3331DAC17DD0}.AppStore|ARM.Build.0 = Release|Any CPU
		{4216669A-8B1A-401C-B62C-3331DAC17DD0}.AppStore|ARM.Deploy.0 = Release|Any CPU
		{4216669A-8B1A-401C-B62C-3331DAC17DD0}.AppStore|iPhone.ActiveCfg = Release|Any CPU
		{4216669A-8B1A-401C-B62C-3331DAC17DD0}.AppStore|iPhone.Build.0 = Release|Any CPU
		{4216669A-8B1A-401C-B62C-3331DAC17DD0}.AppStore|iPhone.Deploy.0 = Release|Any CPU
		{4216669A-8B1A-401C-B62C-3331DAC17DD0}.AppStore|iPhoneSimulator.ActiveCfg = Release|Any CPU
		{4216669A-8B1A-401C-B62C-3331DAC17DD0}.AppStore|iPhoneSimulator.Build.0 = Release|Any CPU
		{4216669A-8B1A-401C-B62C-3331DAC17DD0}.AppStore|iPhoneSimulator.Deploy.0 = Release|Any CPU
		{4216669A-8B1A-401C-B62C-3331DAC17DD0}.AppStore|x64.ActiveCfg = Release|Any CPU
		{4216669A-8B1A-401C-B62C-3331DAC17DD0}.AppStore|x64.Build.0 = Release|Any CPU
		{4216669A-8B1A-401C-B62C-3331DAC17DD0}.AppStore|x64.Deploy.0 = Release|Any CPU
		{4216669A-8B1A-401C-B62C-3331DAC17DD0}.AppStore|x86.ActiveCfg = Release|Any CPU
		{4216669A-8B1A-401C-B62C-3331DAC17DD0}.AppStore|x86.Build.0 = Release|Any CPU
		{4216669A-8B1A-401C-B62C-3331DAC17DD0}.AppStore|x86.Deploy.0 = Release|Any CPU
		{4216669A-8B1A-401C-B62C-3331DAC17DD0}.Debug|Any CPU.ActiveCfg = Debug|Any CPU
		{4216669A-8B1A-401C-B62C-3331DAC17DD0}.Debug|Any CPU.Build.0 = Debug|Any CPU
		{4216669A-8B1A-401C-B62C-3331DAC17DD0}.Debug|Any CPU.Deploy.0 = Debug|Any CPU
		{4216669A-8B1A-401C-B62C-3331DAC17DD0}.Debug|ARM.ActiveCfg = Debug|Any CPU
		{4216669A-8B1A-401C-B62C-3331DAC17DD0}.Debug|ARM.Build.0 = Debug|Any CPU
		{4216669A-8B1A-401C-B62C-3331DAC17DD0}.Debug|ARM.Deploy.0 = Debug|Any CPU
		{4216669A-8B1A-401C-B62C-3331DAC17DD0}.Debug|iPhone.ActiveCfg = Debug|Any CPU
		{4216669A-8B1A-401C-B62C-3331DAC17DD0}.Debug|iPhone.Build.0 = Debug|Any CPU
		{4216669A-8B1A-401C-B62C-3331DAC17DD0}.Debug|iPhone.Deploy.0 = Debug|Any CPU
		{4216669A-8B1A-401C-B62C-3331DAC17DD0}.Debug|iPhoneSimulator.ActiveCfg = Debug|Any CPU
		{4216669A-8B1A-401C-B62C-3331DAC17DD0}.Debug|iPhoneSimulator.Build.0 = Debug|Any CPU
		{4216669A-8B1A-401C-B62C-3331DAC17DD0}.Debug|iPhoneSimulator.Deploy.0 = Debug|Any CPU
		{4216669A-8B1A-401C-B62C-3331DAC17DD0}.Debug|x64.ActiveCfg = Debug|Any CPU
		{4216669A-8B1A-401C-B62C-3331DAC17DD0}.Debug|x64.Build.0 = Debug|Any CPU
		{4216669A-8B1A-401C-B62C-3331DAC17DD0}.Debug|x64.Deploy.0 = Debug|Any CPU
		{4216669A-8B1A-401C-B62C-3331DAC17DD0}.Debug|x86.ActiveCfg = Debug|Any CPU
		{4216669A-8B1A-401C-B62C-3331DAC17DD0}.Debug|x86.Build.0 = Debug|Any CPU
		{4216669A-8B1A-401C-B62C-3331DAC17DD0}.Debug|x86.Deploy.0 = Debug|Any CPU
		{4216669A-8B1A-401C-B62C-3331DAC17DD0}.Release|Any CPU.ActiveCfg = Release|Any CPU
		{4216669A-8B1A-401C-B62C-3331DAC17DD0}.Release|Any CPU.Build.0 = Release|Any CPU
		{4216669A-8B1A-401C-B62C-3331DAC17DD0}.Release|Any CPU.Deploy.0 = Release|Any CPU
		{4216669A-8B1A-401C-B62C-3331DAC17DD0}.Release|ARM.ActiveCfg = Release|Any CPU
		{4216669A-8B1A-401C-B62C-3331DAC17DD0}.Release|ARM.Build.0 = Release|Any CPU
		{4216669A-8B1A-401C-B62C-3331DAC17DD0}.Release|ARM.Deploy.0 = Release|Any CPU
		{4216669A-8B1A-401C-B62C-3331DAC17DD0}.Release|iPhone.ActiveCfg = Release|Any CPU
		{4216669A-8B1A-401C-B62C-3331DAC17DD0}.Release|iPhone.Build.0 = Release|Any CPU
		{4216669A-8B1A-401C-B62C-3331DAC17DD0}.Release|iPhone.Deploy.0 = Release|Any CPU
		{4216669A-8B1A-401C-B62C-3331DAC17DD0}.Release|iPhoneSimulator.ActiveCfg = Release|Any CPU
		{4216669A-8B1A-401C-B62C-3331DAC17DD0}.Release|iPhoneSimulator.Build.0 = Release|Any CPU
		{4216669A-8B1A-401C-B62C-3331DAC17DD0}.Release|iPhoneSimulator.Deploy.0 = Release|Any CPU
		{4216669A-8B1A-401C-B62C-3331DAC17DD0}.Release|x64.ActiveCfg = Release|Any CPU
		{4216669A-8B1A-401C-B62C-3331DAC17DD0}.Release|x64.Build.0 = Release|Any CPU
		{4216669A-8B1A-401C-B62C-3331DAC17DD0}.Release|x64.Deploy.0 = Release|Any CPU
		{4216669A-8B1A-401C-B62C-3331DAC17DD0}.Release|x86.ActiveCfg = Release|Any CPU
		{4216669A-8B1A-401C-B62C-3331DAC17DD0}.Release|x86.Build.0 = Release|Any CPU
		{4216669A-8B1A-401C-B62C-3331DAC17DD0}.Release|x86.Deploy.0 = Release|Any CPU
		{8C24E347-3BA4-43DB-A15A-0C41A3ADD351}.Ad-Hoc|Any CPU.ActiveCfg = Ad-Hoc|iPhone
		{8C24E347-3BA4-43DB-A15A-0C41A3ADD351}.Ad-Hoc|ARM.ActiveCfg = Ad-Hoc|iPhone
		{8C24E347-3BA4-43DB-A15A-0C41A3ADD351}.Ad-Hoc|iPhone.ActiveCfg = Ad-Hoc|iPhone
		{8C24E347-3BA4-43DB-A15A-0C41A3ADD351}.Ad-Hoc|iPhone.Build.0 = Ad-Hoc|iPhone
		{8C24E347-3BA4-43DB-A15A-0C41A3ADD351}.Ad-Hoc|iPhoneSimulator.ActiveCfg = Ad-Hoc|iPhoneSimulator
		{8C24E347-3BA4-43DB-A15A-0C41A3ADD351}.Ad-Hoc|iPhoneSimulator.Build.0 = Ad-Hoc|iPhoneSimulator
		{8C24E347-3BA4-43DB-A15A-0C41A3ADD351}.Ad-Hoc|x64.ActiveCfg = Ad-Hoc|iPhone
		{8C24E347-3BA4-43DB-A15A-0C41A3ADD351}.Ad-Hoc|x86.ActiveCfg = Ad-Hoc|iPhone
		{8C24E347-3BA4-43DB-A15A-0C41A3ADD351}.AppStore|Any CPU.ActiveCfg = AppStore|iPhone
		{8C24E347-3BA4-43DB-A15A-0C41A3ADD351}.AppStore|ARM.ActiveCfg = AppStore|iPhone
		{8C24E347-3BA4-43DB-A15A-0C41A3ADD351}.AppStore|iPhone.ActiveCfg = AppStore|iPhone
		{8C24E347-3BA4-43DB-A15A-0C41A3ADD351}.AppStore|iPhone.Build.0 = AppStore|iPhone
		{8C24E347-3BA4-43DB-A15A-0C41A3ADD351}.AppStore|iPhoneSimulator.ActiveCfg = AppStore|iPhoneSimulator
		{8C24E347-3BA4-43DB-A15A-0C41A3ADD351}.AppStore|iPhoneSimulator.Build.0 = AppStore|iPhoneSimulator
		{8C24E347-3BA4-43DB-A15A-0C41A3ADD351}.AppStore|x64.ActiveCfg = AppStore|iPhone
		{8C24E347-3BA4-43DB-A15A-0C41A3ADD351}.AppStore|x86.ActiveCfg = AppStore|iPhone
		{8C24E347-3BA4-43DB-A15A-0C41A3ADD351}.Debug|Any CPU.ActiveCfg = Debug|iPhone
		{8C24E347-3BA4-43DB-A15A-0C41A3ADD351}.Debug|ARM.ActiveCfg = Debug|iPhone
		{8C24E347-3BA4-43DB-A15A-0C41A3ADD351}.Debug|iPhone.ActiveCfg = Debug|iPhone
		{8C24E347-3BA4-43DB-A15A-0C41A3ADD351}.Debug|iPhone.Build.0 = Debug|iPhone
		{8C24E347-3BA4-43DB-A15A-0C41A3ADD351}.Debug|iPhoneSimulator.ActiveCfg = Debug|iPhoneSimulator
		{8C24E347-3BA4-43DB-A15A-0C41A3ADD351}.Debug|iPhoneSimulator.Build.0 = Debug|iPhoneSimulator
		{8C24E347-3BA4-43DB-A15A-0C41A3ADD351}.Debug|x64.ActiveCfg = Debug|iPhone
		{8C24E347-3BA4-43DB-A15A-0C41A3ADD351}.Debug|x86.ActiveCfg = Debug|iPhone
		{8C24E347-3BA4-43DB-A15A-0C41A3ADD351}.Release|Any CPU.ActiveCfg = Release|iPhone
		{8C24E347-3BA4-43DB-A15A-0C41A3ADD351}.Release|ARM.ActiveCfg = Release|iPhone
		{8C24E347-3BA4-43DB-A15A-0C41A3ADD351}.Release|iPhone.ActiveCfg = Release|iPhone
		{8C24E347-3BA4-43DB-A15A-0C41A3ADD351}.Release|iPhone.Build.0 = Release|iPhone
		{8C24E347-3BA4-43DB-A15A-0C41A3ADD351}.Release|iPhoneSimulator.ActiveCfg = Release|iPhoneSimulator
		{8C24E347-3BA4-43DB-A15A-0C41A3ADD351}.Release|iPhoneSimulator.Build.0 = Release|iPhoneSimulator
		{8C24E347-3BA4-43DB-A15A-0C41A3ADD351}.Release|x64.ActiveCfg = Release|iPhone
		{8C24E347-3BA4-43DB-A15A-0C41A3ADD351}.Release|x86.ActiveCfg = Release|iPhone
		{7FA68E87-5E9A-4BFA-BAFD-2AE99566C16B}.Ad-Hoc|Any CPU.ActiveCfg = Release|Any CPU
		{7FA68E87-5E9A-4BFA-BAFD-2AE99566C16B}.Ad-Hoc|Any CPU.Build.0 = Release|Any CPU
		{7FA68E87-5E9A-4BFA-BAFD-2AE99566C16B}.Ad-Hoc|Any CPU.Deploy.0 = Release|Any CPU
		{7FA68E87-5E9A-4BFA-BAFD-2AE99566C16B}.Ad-Hoc|ARM.ActiveCfg = Release|ARM
		{7FA68E87-5E9A-4BFA-BAFD-2AE99566C16B}.Ad-Hoc|ARM.Build.0 = Release|ARM
		{7FA68E87-5E9A-4BFA-BAFD-2AE99566C16B}.Ad-Hoc|ARM.Deploy.0 = Release|ARM
		{7FA68E87-5E9A-4BFA-BAFD-2AE99566C16B}.Ad-Hoc|iPhone.ActiveCfg = Release|Any CPU
		{7FA68E87-5E9A-4BFA-BAFD-2AE99566C16B}.Ad-Hoc|iPhone.Build.0 = Release|Any CPU
		{7FA68E87-5E9A-4BFA-BAFD-2AE99566C16B}.Ad-Hoc|iPhone.Deploy.0 = Release|Any CPU
		{7FA68E87-5E9A-4BFA-BAFD-2AE99566C16B}.Ad-Hoc|iPhoneSimulator.ActiveCfg = Release|Any CPU
		{7FA68E87-5E9A-4BFA-BAFD-2AE99566C16B}.Ad-Hoc|iPhoneSimulator.Build.0 = Release|Any CPU
		{7FA68E87-5E9A-4BFA-BAFD-2AE99566C16B}.Ad-Hoc|iPhoneSimulator.Deploy.0 = Release|Any CPU
		{7FA68E87-5E9A-4BFA-BAFD-2AE99566C16B}.Ad-Hoc|x64.ActiveCfg = Release|Any CPU
		{7FA68E87-5E9A-4BFA-BAFD-2AE99566C16B}.Ad-Hoc|x64.Build.0 = Release|Any CPU
		{7FA68E87-5E9A-4BFA-BAFD-2AE99566C16B}.Ad-Hoc|x64.Deploy.0 = Release|Any CPU
		{7FA68E87-5E9A-4BFA-BAFD-2AE99566C16B}.Ad-Hoc|x86.ActiveCfg = Release|x86
		{7FA68E87-5E9A-4BFA-BAFD-2AE99566C16B}.Ad-Hoc|x86.Build.0 = Release|x86
		{7FA68E87-5E9A-4BFA-BAFD-2AE99566C16B}.Ad-Hoc|x86.Deploy.0 = Release|x86
		{7FA68E87-5E9A-4BFA-BAFD-2AE99566C16B}.AppStore|Any CPU.ActiveCfg = Release|Any CPU
		{7FA68E87-5E9A-4BFA-BAFD-2AE99566C16B}.AppStore|Any CPU.Build.0 = Release|Any CPU
		{7FA68E87-5E9A-4BFA-BAFD-2AE99566C16B}.AppStore|Any CPU.Deploy.0 = Release|Any CPU
		{7FA68E87-5E9A-4BFA-BAFD-2AE99566C16B}.AppStore|ARM.ActiveCfg = Release|ARM
		{7FA68E87-5E9A-4BFA-BAFD-2AE99566C16B}.AppStore|ARM.Build.0 = Release|ARM
		{7FA68E87-5E9A-4BFA-BAFD-2AE99566C16B}.AppStore|ARM.Deploy.0 = Release|ARM
		{7FA68E87-5E9A-4BFA-BAFD-2AE99566C16B}.AppStore|iPhone.ActiveCfg = Release|Any CPU
		{7FA68E87-5E9A-4BFA-BAFD-2AE99566C16B}.AppStore|iPhone.Build.0 = Release|Any CPU
		{7FA68E87-5E9A-4BFA-BAFD-2AE99566C16B}.AppStore|iPhone.Deploy.0 = Release|Any CPU
		{7FA68E87-5E9A-4BFA-BAFD-2AE99566C16B}.AppStore|iPhoneSimulator.ActiveCfg = Release|Any CPU
		{7FA68E87-5E9A-4BFA-BAFD-2AE99566C16B}.AppStore|iPhoneSimulator.Build.0 = Release|Any CPU
		{7FA68E87-5E9A-4BFA-BAFD-2AE99566C16B}.AppStore|iPhoneSimulator.Deploy.0 = Release|Any CPU
		{7FA68E87-5E9A-4BFA-BAFD-2AE99566C16B}.AppStore|x64.ActiveCfg = Release|Any CPU
		{7FA68E87-5E9A-4BFA-BAFD-2AE99566C16B}.AppStore|x64.Build.0 = Release|Any CPU
		{7FA68E87-5E9A-4BFA-BAFD-2AE99566C16B}.AppStore|x64.Deploy.0 = Release|Any CPU
		{7FA68E87-5E9A-4BFA-BAFD-2AE99566C16B}.AppStore|x86.ActiveCfg = Release|x86
		{7FA68E87-5E9A-4BFA-BAFD-2AE99566C16B}.AppStore|x86.Build.0 = Release|x86
		{7FA68E87-5E9A-4BFA-BAFD-2AE99566C16B}.AppStore|x86.Deploy.0 = Release|x86
		{7FA68E87-5E9A-4BFA-BAFD-2AE99566C16B}.Debug|Any CPU.ActiveCfg = Debug|Any CPU
		{7FA68E87-5E9A-4BFA-BAFD-2AE99566C16B}.Debug|Any CPU.Build.0 = Debug|Any CPU
		{7FA68E87-5E9A-4BFA-BAFD-2AE99566C16B}.Debug|Any CPU.Deploy.0 = Debug|Any CPU
		{7FA68E87-5E9A-4BFA-BAFD-2AE99566C16B}.Debug|ARM.ActiveCfg = Debug|ARM
		{7FA68E87-5E9A-4BFA-BAFD-2AE99566C16B}.Debug|ARM.Build.0 = Debug|ARM
		{7FA68E87-5E9A-4BFA-BAFD-2AE99566C16B}.Debug|ARM.Deploy.0 = Debug|ARM
		{7FA68E87-5E9A-4BFA-BAFD-2AE99566C16B}.Debug|iPhone.ActiveCfg = Debug|Any CPU
		{7FA68E87-5E9A-4BFA-BAFD-2AE99566C16B}.Debug|iPhone.Build.0 = Debug|Any CPU
		{7FA68E87-5E9A-4BFA-BAFD-2AE99566C16B}.Debug|iPhone.Deploy.0 = Debug|Any CPU
		{7FA68E87-5E9A-4BFA-BAFD-2AE99566C16B}.Debug|iPhoneSimulator.ActiveCfg = Debug|Any CPU
		{7FA68E87-5E9A-4BFA-BAFD-2AE99566C16B}.Debug|iPhoneSimulator.Build.0 = Debug|Any CPU
		{7FA68E87-5E9A-4BFA-BAFD-2AE99566C16B}.Debug|iPhoneSimulator.Deploy.0 = Debug|Any CPU
		{7FA68E87-5E9A-4BFA-BAFD-2AE99566C16B}.Debug|x64.ActiveCfg = Debug|Any CPU
		{7FA68E87-5E9A-4BFA-BAFD-2AE99566C16B}.Debug|x64.Build.0 = Debug|Any CPU
		{7FA68E87-5E9A-4BFA-BAFD-2AE99566C16B}.Debug|x64.Deploy.0 = Debug|Any CPU
		{7FA68E87-5E9A-4BFA-BAFD-2AE99566C16B}.Debug|x86.ActiveCfg = Debug|x86
		{7FA68E87-5E9A-4BFA-BAFD-2AE99566C16B}.Debug|x86.Build.0 = Debug|x86
		{7FA68E87-5E9A-4BFA-BAFD-2AE99566C16B}.Debug|x86.Deploy.0 = Debug|x86
		{7FA68E87-5E9A-4BFA-BAFD-2AE99566C16B}.Release|Any CPU.ActiveCfg = Release|Any CPU
		{7FA68E87-5E9A-4BFA-BAFD-2AE99566C16B}.Release|Any CPU.Build.0 = Release|Any CPU
		{7FA68E87-5E9A-4BFA-BAFD-2AE99566C16B}.Release|Any CPU.Deploy.0 = Release|Any CPU
		{7FA68E87-5E9A-4BFA-BAFD-2AE99566C16B}.Release|ARM.ActiveCfg = Release|ARM
		{7FA68E87-5E9A-4BFA-BAFD-2AE99566C16B}.Release|ARM.Build.0 = Release|ARM
		{7FA68E87-5E9A-4BFA-BAFD-2AE99566C16B}.Release|ARM.Deploy.0 = Release|ARM
		{7FA68E87-5E9A-4BFA-BAFD-2AE99566C16B}.Release|iPhone.ActiveCfg = Release|Any CPU
		{7FA68E87-5E9A-4BFA-BAFD-2AE99566C16B}.Release|iPhone.Build.0 = Release|Any CPU
		{7FA68E87-5E9A-4BFA-BAFD-2AE99566C16B}.Release|iPhone.Deploy.0 = Release|Any CPU
		{7FA68E87-5E9A-4BFA-BAFD-2AE99566C16B}.Release|iPhoneSimulator.ActiveCfg = Release|Any CPU
		{7FA68E87-5E9A-4BFA-BAFD-2AE99566C16B}.Release|iPhoneSimulator.Build.0 = Release|Any CPU
		{7FA68E87-5E9A-4BFA-BAFD-2AE99566C16B}.Release|iPhoneSimulator.Deploy.0 = Release|Any CPU
		{7FA68E87-5E9A-4BFA-BAFD-2AE99566C16B}.Release|x64.ActiveCfg = Release|Any CPU
		{7FA68E87-5E9A-4BFA-BAFD-2AE99566C16B}.Release|x64.Build.0 = Release|Any CPU
		{7FA68E87-5E9A-4BFA-BAFD-2AE99566C16B}.Release|x64.Deploy.0 = Release|Any CPU
		{7FA68E87-5E9A-4BFA-BAFD-2AE99566C16B}.Release|x86.ActiveCfg = Release|x86
		{7FA68E87-5E9A-4BFA-BAFD-2AE99566C16B}.Release|x86.Build.0 = Release|x86
		{7FA68E87-5E9A-4BFA-BAFD-2AE99566C16B}.Release|x86.Deploy.0 = Release|x86
		{E03E72B8-4AAA-43D2-811C-793CE20F931C}.Ad-Hoc|Any CPU.ActiveCfg = Release|x86
		{E03E72B8-4AAA-43D2-811C-793CE20F931C}.Ad-Hoc|Any CPU.Build.0 = Release|x86
		{E03E72B8-4AAA-43D2-811C-793CE20F931C}.Ad-Hoc|Any CPU.Deploy.0 = Release|x86
		{E03E72B8-4AAA-43D2-811C-793CE20F931C}.Ad-Hoc|ARM.ActiveCfg = Release|ARM
		{E03E72B8-4AAA-43D2-811C-793CE20F931C}.Ad-Hoc|ARM.Build.0 = Release|ARM
		{E03E72B8-4AAA-43D2-811C-793CE20F931C}.Ad-Hoc|ARM.Deploy.0 = Release|ARM
		{E03E72B8-4AAA-43D2-811C-793CE20F931C}.Ad-Hoc|iPhone.ActiveCfg = Release|x86
		{E03E72B8-4AAA-43D2-811C-793CE20F931C}.Ad-Hoc|iPhone.Build.0 = Release|x86
		{E03E72B8-4AAA-43D2-811C-793CE20F931C}.Ad-Hoc|iPhone.Deploy.0 = Release|x86
		{E03E72B8-4AAA-43D2-811C-793CE20F931C}.Ad-Hoc|iPhoneSimulator.ActiveCfg = Release|x86
		{E03E72B8-4AAA-43D2-811C-793CE20F931C}.Ad-Hoc|iPhoneSimulator.Build.0 = Release|x86
		{E03E72B8-4AAA-43D2-811C-793CE20F931C}.Ad-Hoc|iPhoneSimulator.Deploy.0 = Release|x86
		{E03E72B8-4AAA-43D2-811C-793CE20F931C}.Ad-Hoc|x64.ActiveCfg = Release|x64
		{E03E72B8-4AAA-43D2-811C-793CE20F931C}.Ad-Hoc|x64.Build.0 = Release|x64
		{E03E72B8-4AAA-43D2-811C-793CE20F931C}.Ad-Hoc|x64.Deploy.0 = Release|x64
		{E03E72B8-4AAA-43D2-811C-793CE20F931C}.Ad-Hoc|x86.ActiveCfg = Release|x86
		{E03E72B8-4AAA-43D2-811C-793CE20F931C}.Ad-Hoc|x86.Build.0 = Release|x86
		{E03E72B8-4AAA-43D2-811C-793CE20F931C}.Ad-Hoc|x86.Deploy.0 = Release|x86
		{E03E72B8-4AAA-43D2-811C-793CE20F931C}.AppStore|Any CPU.ActiveCfg = Release|x86
		{E03E72B8-4AAA-43D2-811C-793CE20F931C}.AppStore|Any CPU.Build.0 = Release|x86
		{E03E72B8-4AAA-43D2-811C-793CE20F931C}.AppStore|Any CPU.Deploy.0 = Release|x86
		{E03E72B8-4AAA-43D2-811C-793CE20F931C}.AppStore|ARM.ActiveCfg = Release|ARM
		{E03E72B8-4AAA-43D2-811C-793CE20F931C}.AppStore|ARM.Build.0 = Release|ARM
		{E03E72B8-4AAA-43D2-811C-793CE20F931C}.AppStore|ARM.Deploy.0 = Release|ARM
		{E03E72B8-4AAA-43D2-811C-793CE20F931C}.AppStore|iPhone.ActiveCfg = Release|x86
		{E03E72B8-4AAA-43D2-811C-793CE20F931C}.AppStore|iPhone.Build.0 = Release|x86
		{E03E72B8-4AAA-43D2-811C-793CE20F931C}.AppStore|iPhone.Deploy.0 = Release|x86
		{E03E72B8-4AAA-43D2-811C-793CE20F931C}.AppStore|iPhoneSimulator.ActiveCfg = Release|x86
		{E03E72B8-4AAA-43D2-811C-793CE20F931C}.AppStore|iPhoneSimulator.Build.0 = Release|x86
		{E03E72B8-4AAA-43D2-811C-793CE20F931C}.AppStore|iPhoneSimulator.Deploy.0 = Release|x86
		{E03E72B8-4AAA-43D2-811C-793CE20F931C}.AppStore|x64.ActiveCfg = Release|x64
		{E03E72B8-4AAA-43D2-811C-793CE20F931C}.AppStore|x64.Build.0 = Release|x64
		{E03E72B8-4AAA-43D2-811C-793CE20F931C}.AppStore|x64.Deploy.0 = Release|x64
		{E03E72B8-4AAA-43D2-811C-793CE20F931C}.AppStore|x86.ActiveCfg = Release|x86
		{E03E72B8-4AAA-43D2-811C-793CE20F931C}.AppStore|x86.Build.0 = Release|x86
		{E03E72B8-4AAA-43D2-811C-793CE20F931C}.AppStore|x86.Deploy.0 = Release|x86
		{E03E72B8-4AAA-43D2-811C-793CE20F931C}.Debug|Any CPU.ActiveCfg = Debug|x86
		{E03E72B8-4AAA-43D2-811C-793CE20F931C}.Debug|ARM.ActiveCfg = Debug|ARM
		{E03E72B8-4AAA-43D2-811C-793CE20F931C}.Debug|ARM.Build.0 = Debug|ARM
		{E03E72B8-4AAA-43D2-811C-793CE20F931C}.Debug|ARM.Deploy.0 = Debug|ARM
		{E03E72B8-4AAA-43D2-811C-793CE20F931C}.Debug|iPhone.ActiveCfg = Debug|x86
		{E03E72B8-4AAA-43D2-811C-793CE20F931C}.Debug|iPhoneSimulator.ActiveCfg = Debug|x86
		{E03E72B8-4AAA-43D2-811C-793CE20F931C}.Debug|x64.ActiveCfg = Debug|x64
		{E03E72B8-4AAA-43D2-811C-793CE20F931C}.Debug|x64.Build.0 = Debug|x64
		{E03E72B8-4AAA-43D2-811C-793CE20F931C}.Debug|x64.Deploy.0 = Debug|x64
		{E03E72B8-4AAA-43D2-811C-793CE20F931C}.Debug|x86.ActiveCfg = Debug|x86
		{E03E72B8-4AAA-43D2-811C-793CE20F931C}.Debug|x86.Build.0 = Debug|x86
		{E03E72B8-4AAA-43D2-811C-793CE20F931C}.Debug|x86.Deploy.0 = Debug|x86
		{E03E72B8-4AAA-43D2-811C-793CE20F931C}.Release|Any CPU.ActiveCfg = Release|x86
		{E03E72B8-4AAA-43D2-811C-793CE20F931C}.Release|ARM.ActiveCfg = Release|ARM
		{E03E72B8-4AAA-43D2-811C-793CE20F931C}.Release|ARM.Build.0 = Release|ARM
		{E03E72B8-4AAA-43D2-811C-793CE20F931C}.Release|ARM.Deploy.0 = Release|ARM
		{E03E72B8-4AAA-43D2-811C-793CE20F931C}.Release|iPhone.ActiveCfg = Release|x86
		{E03E72B8-4AAA-43D2-811C-793CE20F931C}.Release|iPhoneSimulator.ActiveCfg = Release|x86
		{E03E72B8-4AAA-43D2-811C-793CE20F931C}.Release|x64.ActiveCfg = Release|x64
		{E03E72B8-4AAA-43D2-811C-793CE20F931C}.Release|x64.Build.0 = Release|x64
		{E03E72B8-4AAA-43D2-811C-793CE20F931C}.Release|x64.Deploy.0 = Release|x64
		{E03E72B8-4AAA-43D2-811C-793CE20F931C}.Release|x86.ActiveCfg = Release|x86
		{E03E72B8-4AAA-43D2-811C-793CE20F931C}.Release|x86.Build.0 = Release|x86
		{E03E72B8-4AAA-43D2-811C-793CE20F931C}.Release|x86.Deploy.0 = Release|x86
		{AC727B78-BF1F-4A09-92FF-B1124DADF84F}.Ad-Hoc|Any CPU.ActiveCfg = Release|Any CPU
		{AC727B78-BF1F-4A09-92FF-B1124DADF84F}.Ad-Hoc|Any CPU.Build.0 = Release|Any CPU
		{AC727B78-BF1F-4A09-92FF-B1124DADF84F}.Ad-Hoc|Any CPU.Deploy.0 = Release|Any CPU
		{AC727B78-BF1F-4A09-92FF-B1124DADF84F}.Ad-Hoc|ARM.ActiveCfg = Release|ARM
		{AC727B78-BF1F-4A09-92FF-B1124DADF84F}.Ad-Hoc|ARM.Build.0 = Release|ARM
		{AC727B78-BF1F-4A09-92FF-B1124DADF84F}.Ad-Hoc|ARM.Deploy.0 = Release|ARM
		{AC727B78-BF1F-4A09-92FF-B1124DADF84F}.Ad-Hoc|iPhone.ActiveCfg = Release|Any CPU
		{AC727B78-BF1F-4A09-92FF-B1124DADF84F}.Ad-Hoc|iPhone.Build.0 = Release|Any CPU
		{AC727B78-BF1F-4A09-92FF-B1124DADF84F}.Ad-Hoc|iPhone.Deploy.0 = Release|Any CPU
		{AC727B78-BF1F-4A09-92FF-B1124DADF84F}.Ad-Hoc|iPhoneSimulator.ActiveCfg = Release|Any CPU
		{AC727B78-BF1F-4A09-92FF-B1124DADF84F}.Ad-Hoc|iPhoneSimulator.Build.0 = Release|Any CPU
		{AC727B78-BF1F-4A09-92FF-B1124DADF84F}.Ad-Hoc|iPhoneSimulator.Deploy.0 = Release|Any CPU
		{AC727B78-BF1F-4A09-92FF-B1124DADF84F}.Ad-Hoc|x64.ActiveCfg = Release|x64
		{AC727B78-BF1F-4A09-92FF-B1124DADF84F}.Ad-Hoc|x64.Build.0 = Release|x64
		{AC727B78-BF1F-4A09-92FF-B1124DADF84F}.Ad-Hoc|x64.Deploy.0 = Release|x64
		{AC727B78-BF1F-4A09-92FF-B1124DADF84F}.Ad-Hoc|x86.ActiveCfg = Release|x86
		{AC727B78-BF1F-4A09-92FF-B1124DADF84F}.Ad-Hoc|x86.Build.0 = Release|x86
		{AC727B78-BF1F-4A09-92FF-B1124DADF84F}.Ad-Hoc|x86.Deploy.0 = Release|x86
		{AC727B78-BF1F-4A09-92FF-B1124DADF84F}.AppStore|Any CPU.ActiveCfg = Release|Any CPU
		{AC727B78-BF1F-4A09-92FF-B1124DADF84F}.AppStore|Any CPU.Build.0 = Release|Any CPU
		{AC727B78-BF1F-4A09-92FF-B1124DADF84F}.AppStore|Any CPU.Deploy.0 = Release|Any CPU
		{AC727B78-BF1F-4A09-92FF-B1124DADF84F}.AppStore|ARM.ActiveCfg = Release|ARM
		{AC727B78-BF1F-4A09-92FF-B1124DADF84F}.AppStore|ARM.Build.0 = Release|ARM
		{AC727B78-BF1F-4A09-92FF-B1124DADF84F}.AppStore|ARM.Deploy.0 = Release|ARM
		{AC727B78-BF1F-4A09-92FF-B1124DADF84F}.AppStore|iPhone.ActiveCfg = Release|Any CPU
		{AC727B78-BF1F-4A09-92FF-B1124DADF84F}.AppStore|iPhone.Build.0 = Release|Any CPU
		{AC727B78-BF1F-4A09-92FF-B1124DADF84F}.AppStore|iPhone.Deploy.0 = Release|Any CPU
		{AC727B78-BF1F-4A09-92FF-B1124DADF84F}.AppStore|iPhoneSimulator.ActiveCfg = Release|Any CPU
		{AC727B78-BF1F-4A09-92FF-B1124DADF84F}.AppStore|iPhoneSimulator.Build.0 = Release|Any CPU
		{AC727B78-BF1F-4A09-92FF-B1124DADF84F}.AppStore|iPhoneSimulator.Deploy.0 = Release|Any CPU
		{AC727B78-BF1F-4A09-92FF-B1124DADF84F}.AppStore|x64.ActiveCfg = Release|x64
		{AC727B78-BF1F-4A09-92FF-B1124DADF84F}.AppStore|x64.Build.0 = Release|x64
		{AC727B78-BF1F-4A09-92FF-B1124DADF84F}.AppStore|x64.Deploy.0 = Release|x64
		{AC727B78-BF1F-4A09-92FF-B1124DADF84F}.AppStore|x86.ActiveCfg = Release|x86
		{AC727B78-BF1F-4A09-92FF-B1124DADF84F}.AppStore|x86.Build.0 = Release|x86
		{AC727B78-BF1F-4A09-92FF-B1124DADF84F}.AppStore|x86.Deploy.0 = Release|x86
		{AC727B78-BF1F-4A09-92FF-B1124DADF84F}.Debug|Any CPU.ActiveCfg = Debug|Any CPU
		{AC727B78-BF1F-4A09-92FF-B1124DADF84F}.Debug|Any CPU.Build.0 = Debug|Any CPU
		{AC727B78-BF1F-4A09-92FF-B1124DADF84F}.Debug|Any CPU.Deploy.0 = Debug|Any CPU
		{AC727B78-BF1F-4A09-92FF-B1124DADF84F}.Debug|ARM.ActiveCfg = Debug|ARM
		{AC727B78-BF1F-4A09-92FF-B1124DADF84F}.Debug|ARM.Build.0 = Debug|ARM
		{AC727B78-BF1F-4A09-92FF-B1124DADF84F}.Debug|ARM.Deploy.0 = Debug|ARM
		{AC727B78-BF1F-4A09-92FF-B1124DADF84F}.Debug|iPhone.ActiveCfg = Debug|Any CPU
		{AC727B78-BF1F-4A09-92FF-B1124DADF84F}.Debug|iPhone.Build.0 = Debug|Any CPU
		{AC727B78-BF1F-4A09-92FF-B1124DADF84F}.Debug|iPhone.Deploy.0 = Debug|Any CPU
		{AC727B78-BF1F-4A09-92FF-B1124DADF84F}.Debug|iPhoneSimulator.ActiveCfg = Debug|Any CPU
		{AC727B78-BF1F-4A09-92FF-B1124DADF84F}.Debug|iPhoneSimulator.Build.0 = Debug|Any CPU
		{AC727B78-BF1F-4A09-92FF-B1124DADF84F}.Debug|iPhoneSimulator.Deploy.0 = Debug|Any CPU
		{AC727B78-BF1F-4A09-92FF-B1124DADF84F}.Debug|x64.ActiveCfg = Debug|x64
		{AC727B78-BF1F-4A09-92FF-B1124DADF84F}.Debug|x64.Build.0 = Debug|x64
		{AC727B78-BF1F-4A09-92FF-B1124DADF84F}.Debug|x64.Deploy.0 = Debug|x64
		{AC727B78-BF1F-4A09-92FF-B1124DADF84F}.Debug|x86.ActiveCfg = Debug|x86
		{AC727B78-BF1F-4A09-92FF-B1124DADF84F}.Debug|x86.Build.0 = Debug|x86
		{AC727B78-BF1F-4A09-92FF-B1124DADF84F}.Debug|x86.Deploy.0 = Debug|x86
		{AC727B78-BF1F-4A09-92FF-B1124DADF84F}.Release|Any CPU.ActiveCfg = Release|Any CPU
		{AC727B78-BF1F-4A09-92FF-B1124DADF84F}.Release|Any CPU.Build.0 = Release|Any CPU
		{AC727B78-BF1F-4A09-92FF-B1124DADF84F}.Release|Any CPU.Deploy.0 = Release|Any CPU
		{AC727B78-BF1F-4A09-92FF-B1124DADF84F}.Release|ARM.ActiveCfg = Release|ARM
		{AC727B78-BF1F-4A09-92FF-B1124DADF84F}.Release|ARM.Build.0 = Release|ARM
		{AC727B78-BF1F-4A09-92FF-B1124DADF84F}.Release|ARM.Deploy.0 = Release|ARM
		{AC727B78-BF1F-4A09-92FF-B1124DADF84F}.Release|iPhone.ActiveCfg = Release|Any CPU
		{AC727B78-BF1F-4A09-92FF-B1124DADF84F}.Release|iPhone.Build.0 = Release|Any CPU
		{AC727B78-BF1F-4A09-92FF-B1124DADF84F}.Release|iPhone.Deploy.0 = Release|Any CPU
		{AC727B78-BF1F-4A09-92FF-B1124DADF84F}.Release|iPhoneSimulator.ActiveCfg = Release|Any CPU
		{AC727B78-BF1F-4A09-92FF-B1124DADF84F}.Release|iPhoneSimulator.Build.0 = Release|Any CPU
		{AC727B78-BF1F-4A09-92FF-B1124DADF84F}.Release|iPhoneSimulator.Deploy.0 = Release|Any CPU
		{AC727B78-BF1F-4A09-92FF-B1124DADF84F}.Release|x64.ActiveCfg = Release|x64
		{AC727B78-BF1F-4A09-92FF-B1124DADF84F}.Release|x64.Build.0 = Release|x64
		{AC727B78-BF1F-4A09-92FF-B1124DADF84F}.Release|x64.Deploy.0 = Release|x64
		{AC727B78-BF1F-4A09-92FF-B1124DADF84F}.Release|x86.ActiveCfg = Release|x86
		{AC727B78-BF1F-4A09-92FF-B1124DADF84F}.Release|x86.Build.0 = Release|x86
		{AC727B78-BF1F-4A09-92FF-B1124DADF84F}.Release|x86.Deploy.0 = Release|x86
		{2D52DA41-DBEB-4746-A699-7D99DB483D8D}.Ad-Hoc|Any CPU.ActiveCfg = Release|Any CPU
		{2D52DA41-DBEB-4746-A699-7D99DB483D8D}.Ad-Hoc|Any CPU.Build.0 = Release|Any CPU
		{2D52DA41-DBEB-4746-A699-7D99DB483D8D}.Ad-Hoc|ARM.ActiveCfg = Release|Any CPU
		{2D52DA41-DBEB-4746-A699-7D99DB483D8D}.Ad-Hoc|ARM.Build.0 = Release|Any CPU
		{2D52DA41-DBEB-4746-A699-7D99DB483D8D}.Ad-Hoc|iPhone.ActiveCfg = Release|Any CPU
		{2D52DA41-DBEB-4746-A699-7D99DB483D8D}.Ad-Hoc|iPhone.Build.0 = Release|Any CPU
		{2D52DA41-DBEB-4746-A699-7D99DB483D8D}.Ad-Hoc|iPhoneSimulator.ActiveCfg = Release|Any CPU
		{2D52DA41-DBEB-4746-A699-7D99DB483D8D}.Ad-Hoc|iPhoneSimulator.Build.0 = Release|Any CPU
		{2D52DA41-DBEB-4746-A699-7D99DB483D8D}.Ad-Hoc|x64.ActiveCfg = Release|Any CPU
		{2D52DA41-DBEB-4746-A699-7D99DB483D8D}.Ad-Hoc|x64.Build.0 = Release|Any CPU
		{2D52DA41-DBEB-4746-A699-7D99DB483D8D}.Ad-Hoc|x86.ActiveCfg = Release|Any CPU
		{2D52DA41-DBEB-4746-A699-7D99DB483D8D}.Ad-Hoc|x86.Build.0 = Release|Any CPU
		{2D52DA41-DBEB-4746-A699-7D99DB483D8D}.AppStore|Any CPU.ActiveCfg = Release|Any CPU
		{2D52DA41-DBEB-4746-A699-7D99DB483D8D}.AppStore|Any CPU.Build.0 = Release|Any CPU
		{2D52DA41-DBEB-4746-A699-7D99DB483D8D}.AppStore|ARM.ActiveCfg = Release|Any CPU
		{2D52DA41-DBEB-4746-A699-7D99DB483D8D}.AppStore|ARM.Build.0 = Release|Any CPU
		{2D52DA41-DBEB-4746-A699-7D99DB483D8D}.AppStore|iPhone.ActiveCfg = Release|Any CPU
		{2D52DA41-DBEB-4746-A699-7D99DB483D8D}.AppStore|iPhone.Build.0 = Release|Any CPU
		{2D52DA41-DBEB-4746-A699-7D99DB483D8D}.AppStore|iPhoneSimulator.ActiveCfg = Release|Any CPU
		{2D52DA41-DBEB-4746-A699-7D99DB483D8D}.AppStore|iPhoneSimulator.Build.0 = Release|Any CPU
		{2D52DA41-DBEB-4746-A699-7D99DB483D8D}.AppStore|x64.ActiveCfg = Release|Any CPU
		{2D52DA41-DBEB-4746-A699-7D99DB483D8D}.AppStore|x64.Build.0 = Release|Any CPU
		{2D52DA41-DBEB-4746-A699-7D99DB483D8D}.AppStore|x86.ActiveCfg = Release|Any CPU
		{2D52DA41-DBEB-4746-A699-7D99DB483D8D}.AppStore|x86.Build.0 = Release|Any CPU
		{2D52DA41-DBEB-4746-A699-7D99DB483D8D}.Debug|Any CPU.ActiveCfg = Debug|Any CPU
		{2D52DA41-DBEB-4746-A699-7D99DB483D8D}.Debug|Any CPU.Build.0 = Debug|Any CPU
		{2D52DA41-DBEB-4746-A699-7D99DB483D8D}.Debug|ARM.ActiveCfg = Debug|Any CPU
		{2D52DA41-DBEB-4746-A699-7D99DB483D8D}.Debug|ARM.Build.0 = Debug|Any CPU
		{2D52DA41-DBEB-4746-A699-7D99DB483D8D}.Debug|iPhone.ActiveCfg = Debug|Any CPU
		{2D52DA41-DBEB-4746-A699-7D99DB483D8D}.Debug|iPhone.Build.0 = Debug|Any CPU
		{2D52DA41-DBEB-4746-A699-7D99DB483D8D}.Debug|iPhoneSimulator.ActiveCfg = Debug|Any CPU
		{2D52DA41-DBEB-4746-A699-7D99DB483D8D}.Debug|iPhoneSimulator.Build.0 = Debug|Any CPU
		{2D52DA41-DBEB-4746-A699-7D99DB483D8D}.Debug|x64.ActiveCfg = Debug|Any CPU
		{2D52DA41-DBEB-4746-A699-7D99DB483D8D}.Debug|x64.Build.0 = Debug|Any CPU
		{2D52DA41-DBEB-4746-A699-7D99DB483D8D}.Debug|x86.ActiveCfg = Debug|Any CPU
		{2D52DA41-DBEB-4746-A699-7D99DB483D8D}.Debug|x86.Build.0 = Debug|Any CPU
		{2D52DA41-DBEB-4746-A699-7D99DB483D8D}.Release|Any CPU.ActiveCfg = Release|Any CPU
		{2D52DA41-DBEB-4746-A699-7D99DB483D8D}.Release|Any CPU.Build.0 = Release|Any CPU
		{2D52DA41-DBEB-4746-A699-7D99DB483D8D}.Release|ARM.ActiveCfg = Release|Any CPU
		{2D52DA41-DBEB-4746-A699-7D99DB483D8D}.Release|ARM.Build.0 = Release|Any CPU
		{2D52DA41-DBEB-4746-A699-7D99DB483D8D}.Release|iPhone.ActiveCfg = Release|Any CPU
		{2D52DA41-DBEB-4746-A699-7D99DB483D8D}.Release|iPhone.Build.0 = Release|Any CPU
		{2D52DA41-DBEB-4746-A699-7D99DB483D8D}.Release|iPhoneSimulator.ActiveCfg = Release|Any CPU
		{2D52DA41-DBEB-4746-A699-7D99DB483D8D}.Release|iPhoneSimulator.Build.0 = Release|Any CPU
		{2D52DA41-DBEB-4746-A699-7D99DB483D8D}.Release|x64.ActiveCfg = Release|Any CPU
		{2D52DA41-DBEB-4746-A699-7D99DB483D8D}.Release|x64.Build.0 = Release|Any CPU
		{2D52DA41-DBEB-4746-A699-7D99DB483D8D}.Release|x86.ActiveCfg = Release|Any CPU
		{2D52DA41-DBEB-4746-A699-7D99DB483D8D}.Release|x86.Build.0 = Release|Any CPU
		{1D9392D6-5E6F-4C1A-A87B-398DCF04D858}.Ad-Hoc|Any CPU.ActiveCfg = Release|Any CPU
		{1D9392D6-5E6F-4C1A-A87B-398DCF04D858}.Ad-Hoc|Any CPU.Build.0 = Release|Any CPU
		{1D9392D6-5E6F-4C1A-A87B-398DCF04D858}.Ad-Hoc|ARM.ActiveCfg = Release|Any CPU
		{1D9392D6-5E6F-4C1A-A87B-398DCF04D858}.Ad-Hoc|ARM.Build.0 = Release|Any CPU
		{1D9392D6-5E6F-4C1A-A87B-398DCF04D858}.Ad-Hoc|iPhone.ActiveCfg = Release|Any CPU
		{1D9392D6-5E6F-4C1A-A87B-398DCF04D858}.Ad-Hoc|iPhone.Build.0 = Release|Any CPU
		{1D9392D6-5E6F-4C1A-A87B-398DCF04D858}.Ad-Hoc|iPhoneSimulator.ActiveCfg = Release|Any CPU
		{1D9392D6-5E6F-4C1A-A87B-398DCF04D858}.Ad-Hoc|iPhoneSimulator.Build.0 = Release|Any CPU
		{1D9392D6-5E6F-4C1A-A87B-398DCF04D858}.Ad-Hoc|x64.ActiveCfg = Release|Any CPU
		{1D9392D6-5E6F-4C1A-A87B-398DCF04D858}.Ad-Hoc|x64.Build.0 = Release|Any CPU
		{1D9392D6-5E6F-4C1A-A87B-398DCF04D858}.Ad-Hoc|x86.ActiveCfg = Release|Any CPU
		{1D9392D6-5E6F-4C1A-A87B-398DCF04D858}.Ad-Hoc|x86.Build.0 = Release|Any CPU
		{1D9392D6-5E6F-4C1A-A87B-398DCF04D858}.AppStore|Any CPU.ActiveCfg = Release|Any CPU
		{1D9392D6-5E6F-4C1A-A87B-398DCF04D858}.AppStore|Any CPU.Build.0 = Release|Any CPU
		{1D9392D6-5E6F-4C1A-A87B-398DCF04D858}.AppStore|ARM.ActiveCfg = Release|Any CPU
		{1D9392D6-5E6F-4C1A-A87B-398DCF04D858}.AppStore|ARM.Build.0 = Release|Any CPU
		{1D9392D6-5E6F-4C1A-A87B-398DCF04D858}.AppStore|iPhone.ActiveCfg = Release|Any CPU
		{1D9392D6-5E6F-4C1A-A87B-398DCF04D858}.AppStore|iPhone.Build.0 = Release|Any CPU
		{1D9392D6-5E6F-4C1A-A87B-398DCF04D858}.AppStore|iPhoneSimulator.ActiveCfg = Release|Any CPU
		{1D9392D6-5E6F-4C1A-A87B-398DCF04D858}.AppStore|iPhoneSimulator.Build.0 = Release|Any CPU
		{1D9392D6-5E6F-4C1A-A87B-398DCF04D858}.AppStore|x64.ActiveCfg = Release|Any CPU
		{1D9392D6-5E6F-4C1A-A87B-398DCF04D858}.AppStore|x64.Build.0 = Release|Any CPU
		{1D9392D6-5E6F-4C1A-A87B-398DCF04D858}.AppStore|x86.ActiveCfg = Release|Any CPU
		{1D9392D6-5E6F-4C1A-A87B-398DCF04D858}.AppStore|x86.Build.0 = Release|Any CPU
		{1D9392D6-5E6F-4C1A-A87B-398DCF04D858}.Debug|Any CPU.ActiveCfg = Debug|Any CPU
		{1D9392D6-5E6F-4C1A-A87B-398DCF04D858}.Debug|Any CPU.Build.0 = Debug|Any CPU
		{1D9392D6-5E6F-4C1A-A87B-398DCF04D858}.Debug|ARM.ActiveCfg = Debug|Any CPU
		{1D9392D6-5E6F-4C1A-A87B-398DCF04D858}.Debug|ARM.Build.0 = Debug|Any CPU
		{1D9392D6-5E6F-4C1A-A87B-398DCF04D858}.Debug|iPhone.ActiveCfg = Debug|Any CPU
		{1D9392D6-5E6F-4C1A-A87B-398DCF04D858}.Debug|iPhone.Build.0 = Debug|Any CPU
		{1D9392D6-5E6F-4C1A-A87B-398DCF04D858}.Debug|iPhoneSimulator.ActiveCfg = Debug|Any CPU
		{1D9392D6-5E6F-4C1A-A87B-398DCF04D858}.Debug|iPhoneSimulator.Build.0 = Debug|Any CPU
		{1D9392D6-5E6F-4C1A-A87B-398DCF04D858}.Debug|x64.ActiveCfg = Debug|Any CPU
		{1D9392D6-5E6F-4C1A-A87B-398DCF04D858}.Debug|x64.Build.0 = Debug|Any CPU
		{1D9392D6-5E6F-4C1A-A87B-398DCF04D858}.Debug|x86.ActiveCfg = Debug|Any CPU
		{1D9392D6-5E6F-4C1A-A87B-398DCF04D858}.Debug|x86.Build.0 = Debug|Any CPU
		{1D9392D6-5E6F-4C1A-A87B-398DCF04D858}.Release|Any CPU.ActiveCfg = Release|Any CPU
		{1D9392D6-5E6F-4C1A-A87B-398DCF04D858}.Release|Any CPU.Build.0 = Release|Any CPU
		{1D9392D6-5E6F-4C1A-A87B-398DCF04D858}.Release|ARM.ActiveCfg = Release|Any CPU
		{1D9392D6-5E6F-4C1A-A87B-398DCF04D858}.Release|ARM.Build.0 = Release|Any CPU
		{1D9392D6-5E6F-4C1A-A87B-398DCF04D858}.Release|iPhone.ActiveCfg = Release|Any CPU
		{1D9392D6-5E6F-4C1A-A87B-398DCF04D858}.Release|iPhone.Build.0 = Release|Any CPU
		{1D9392D6-5E6F-4C1A-A87B-398DCF04D858}.Release|iPhoneSimulator.ActiveCfg = Release|Any CPU
		{1D9392D6-5E6F-4C1A-A87B-398DCF04D858}.Release|iPhoneSimulator.Build.0 = Release|Any CPU
		{1D9392D6-5E6F-4C1A-A87B-398DCF04D858}.Release|x64.ActiveCfg = Release|Any CPU
		{1D9392D6-5E6F-4C1A-A87B-398DCF04D858}.Release|x64.Build.0 = Release|Any CPU
		{1D9392D6-5E6F-4C1A-A87B-398DCF04D858}.Release|x86.ActiveCfg = Release|Any CPU
		{1D9392D6-5E6F-4C1A-A87B-398DCF04D858}.Release|x86.Build.0 = Release|Any CPU
	EndGlobalSection
	GlobalSection(SolutionProperties) = preSolution
		HideSolutionNode = FALSE
	EndGlobalSection
EndGlobal
